// !$*UTF8*$!
{
	archiveVersion = 1;
	classes = {
	};
	objectVersion = 46;
	objects = {

/* Begin PBXBuildFile section */
		9A854FFB21FBFF6A00E358C8 /* AppDelegate.swift in Sources */ = {isa = PBXBuildFile; fileRef = 9A854FFA21FBFF6A00E358C8 /* AppDelegate.swift */; };
		9A854FFD21FBFF6A00E358C8 /* ViewController.swift in Sources */ = {isa = PBXBuildFile; fileRef = 9A854FFC21FBFF6A00E358C8 /* ViewController.swift */; };
		9A85500021FBFF6A00E358C8 /* Main.storyboard in Resources */ = {isa = PBXBuildFile; fileRef = 9A854FFE21FBFF6A00E358C8 /* Main.storyboard */; };
		9A85500221FBFF6A00E358C8 /* Assets.xcassets in Resources */ = {isa = PBXBuildFile; fileRef = 9A85500121FBFF6A00E358C8 /* Assets.xcassets */; };
		9A85500521FBFF6A00E358C8 /* LaunchScreen.storyboard in Resources */ = {isa = PBXBuildFile; fileRef = 9A85500321FBFF6A00E358C8 /* LaunchScreen.storyboard */; };
		9A85500D21FC01C000E358C8 /* NameEnterViewController.swift in Sources */ = {isa = PBXBuildFile; fileRef = 9A85500C21FC01C000E358C8 /* NameEnterViewController.swift */; };
		9A85500F21FC8FEE00E358C8 /* WelcomeViewController.swift in Sources */ = {isa = PBXBuildFile; fileRef = 9A85500E21FC8FEE00E358C8 /* WelcomeViewController.swift */; };
		9A85501521FC98F400E358C8 /* LevelOneStartViewController.swift in Sources */ = {isa = PBXBuildFile; fileRef = 9A85501421FC98F400E358C8 /* LevelOneStartViewController.swift */; };
		9A85501721FC9BD600E358C8 /* ClassListViewController.swift in Sources */ = {isa = PBXBuildFile; fileRef = 9A85501621FC9BD600E358C8 /* ClassListViewController.swift */; };
		9A85501921FC9CB200E358C8 /* BlogStartViewController.swift in Sources */ = {isa = PBXBuildFile; fileRef = 9A85501821FC9CB200E358C8 /* BlogStartViewController.swift */; };
		9A85501B21FC9E6300E358C8 /* UrlInfoStartViewController.swift in Sources */ = {isa = PBXBuildFile; fileRef = 9A85501A21FC9E6300E358C8 /* UrlInfoStartViewController.swift */; };
		9A85501F21FCA24A00E358C8 /* UrlGetViewController.swift in Sources */ = {isa = PBXBuildFile; fileRef = 9A85501E21FCA24A00E358C8 /* UrlGetViewController.swift */; };
		9A85502121FCA37B00E358C8 /* HtmlInfoViewController.swift in Sources */ = {isa = PBXBuildFile; fileRef = 9A85502021FCA37B00E358C8 /* HtmlInfoViewController.swift */; };
		9A85502321FCA48B00E358C8 /* QuizOneViewController.swift in Sources */ = {isa = PBXBuildFile; fileRef = 9A85502221FCA48B00E358C8 /* QuizOneViewController.swift */; };
		9A85502521FCA57D00E358C8 /* LevelTwoStartViewController.swift in Sources */ = {isa = PBXBuildFile; fileRef = 9A85502421FCA57D00E358C8 /* LevelTwoStartViewController.swift */; };
		9A85502721FCA69400E358C8 /* PicVidViewController.swift in Sources */ = {isa = PBXBuildFile; fileRef = 9A85502621FCA69400E358C8 /* PicVidViewController.swift */; };
		9A85502921FCA8B100E358C8 /* PicVidSavingViewController.swift in Sources */ = {isa = PBXBuildFile; fileRef = 9A85502821FCA8B100E358C8 /* PicVidSavingViewController.swift */; };
		9A85502B21FCAA2700E358C8 /* PicVidAddingViewController.swift in Sources */ = {isa = PBXBuildFile; fileRef = 9A85502A21FCAA2700E358C8 /* PicVidAddingViewController.swift */; };
		9A85502D21FCAB6C00E358C8 /* QuizTwoViewController.swift in Sources */ = {isa = PBXBuildFile; fileRef = 9A85502C21FCAB6C00E358C8 /* QuizTwoViewController.swift */; };
		9A85502F21FCAC2A00E358C8 /* LevelThreeStartViewController.swift in Sources */ = {isa = PBXBuildFile; fileRef = 9A85502E21FCAC2A00E358C8 /* LevelThreeStartViewController.swift */; };
		9A85503121FCADB000E358C8 /* SurveyInfoViewController.swift in Sources */ = {isa = PBXBuildFile; fileRef = 9A85503021FCADB000E358C8 /* SurveyInfoViewController.swift */; };
		9A85503321FCAE8800E358C8 /* SurveyAddingViewController.swift in Sources */ = {isa = PBXBuildFile; fileRef = 9A85503221FCAE8800E358C8 /* SurveyAddingViewController.swift */; };
		9A85503521FCAF7600E358C8 /* QuizThreeViewController.swift in Sources */ = {isa = PBXBuildFile; fileRef = 9A85503421FCAF7600E358C8 /* QuizThreeViewController.swift */; };
		9A85503721FCB06900E358C8 /* LevelFourStartViewController.swift in Sources */ = {isa = PBXBuildFile; fileRef = 9A85503621FCB06900E358C8 /* LevelFourStartViewController.swift */; };
		9A85503921FCB1ED00E358C8 /* CommentInfoViewController.swift in Sources */ = {isa = PBXBuildFile; fileRef = 9A85503821FCB1ED00E358C8 /* CommentInfoViewController.swift */; };
		9A85503B21FCB38200E358C8 /* CommentAddViewController.swift in Sources */ = {isa = PBXBuildFile; fileRef = 9A85503A21FCB38200E358C8 /* CommentAddViewController.swift */; };
		9A85503D21FCB4A100E358C8 /* QuizFourViewController.swift in Sources */ = {isa = PBXBuildFile; fileRef = 9A85503C21FCB4A100E358C8 /* QuizFourViewController.swift */; };
		9A85503F21FCB5E800E358C8 /* FinalQuizViewController.swift in Sources */ = {isa = PBXBuildFile; fileRef = 9A85503E21FCB5E800E358C8 /* FinalQuizViewController.swift */; };
		9A85504121FCB6C200E358C8 /* FinalSkipWarningViewController.swift in Sources */ = {isa = PBXBuildFile; fileRef = 9A85504021FCB6C200E358C8 /* FinalSkipWarningViewController.swift */; };
		9A85504321FCBA5D00E358C8 /* BlogCongratsViewController.swift in Sources */ = {isa = PBXBuildFile; fileRef = 9A85504221FCBA5D00E358C8 /* BlogCongratsViewController.swift */; };
		9A85504521FCC1D200E358C8 /* SUBToStartViewController.swift in Sources */ = {isa = PBXBuildFile; fileRef = 9A85504421FCC1D200E358C8 /* SUBToStartViewController.swift */; };
		9A85504721FCC52400E358C8 /* SUBLCASViewController.swift in Sources */ = {isa = PBXBuildFile; fileRef = 9A85504621FCC52400E358C8 /* SUBLCASViewController.swift */; };
		9A85504921FCC5C300E358C8 /* SUBGYSAAViewController.swift in Sources */ = {isa = PBXBuildFile; fileRef = 9A85504821FCC5C300E358C8 /* SUBGYSAAViewController.swift */; };
		9A85504B21FCC8D100E358C8 /* SUBCongratsViewController.swift in Sources */ = {isa = PBXBuildFile; fileRef = 9A85504A21FCC8D100E358C8 /* SUBCongratsViewController.swift */; };
		9AD518F121FCD5FC0093C7F4 /* TTSViewController.swift in Sources */ = {isa = PBXBuildFile; fileRef = 9AD518F021FCD5FC0093C7F4 /* TTSViewController.swift */; };
		9AD518F321FCD6A80093C7F4 /* TBHTMLViewController.swift in Sources */ = {isa = PBXBuildFile; fileRef = 9AD518F221FCD6A80093C7F4 /* TBHTMLViewController.swift */; };
		9AD518F521FCD73E0093C7F4 /* THDTLViewController.swift in Sources */ = {isa = PBXBuildFile; fileRef = 9AD518F421FCD73E0093C7F4 /* THDTLViewController.swift */; };
		9AD518F721FCD83A0093C7F4 /* TMTViewController.swift in Sources */ = {isa = PBXBuildFile; fileRef = 9AD518F621FCD83A0093C7F4 /* TMTViewController.swift */; };
		9AD518F921FCD90C0093C7F4 /* TCViewController.swift in Sources */ = {isa = PBXBuildFile; fileRef = 9AD518F821FCD90C0093C7F4 /* TCViewController.swift */; };
		9AD518FB21FCDA430093C7F4 /* ACCCViewController.swift in Sources */ = {isa = PBXBuildFile; fileRef = 9AD518FA21FCDA430093C7F4 /* ACCCViewController.swift */; };
		9AD518FD21FCDAE80093C7F4 /* ACCViewController.swift in Sources */ = {isa = PBXBuildFile; fileRef = 9AD518FC21FCDAE80093C7F4 /* ACCViewController.swift */; };
		9AD5190121FCDE280093C7F4 /* LoginViewController.swift in Sources */ = {isa = PBXBuildFile; fileRef = 9AD5190021FCDE280093C7F4 /* LoginViewController.swift */; };
		EB222E7D21FCE870005BFE13 /* Screenshot (400).png in Resources */ = {isa = PBXBuildFile; fileRef = EB222E7C21FCE870005BFE13 /* Screenshot (400).png */; };
		EB222E7F21FCEC2D005BFE13 /* Screen Shot 2019-01-26 at 2.23.23 PM.png in Resources */ = {isa = PBXBuildFile; fileRef = EB222E7E21FCEC2C005BFE13 /* Screen Shot 2019-01-26 at 2.23.23 PM.png */; };
		EB222E8121FCF208005BFE13 /* Screen Shot 2019-01-26 at 2.49.11 PM.png in Resources */ = {isa = PBXBuildFile; fileRef = EB222E8021FCF207005BFE13 /* Screen Shot 2019-01-26 at 2.49.11 PM.png */; };
		EB222E8321FCF2B4005BFE13 /* Screen Shot 2019-01-26 at 2.55.02 PM.png in Resources */ = {isa = PBXBuildFile; fileRef = EB222E8221FCF2B3005BFE13 /* Screen Shot 2019-01-26 at 2.55.02 PM.png */; };
		EB222E8521FCF354005BFE13 /* femcode 1.jpeg in Resources */ = {isa = PBXBuildFile; fileRef = EB222E8421FCF354005BFE13 /* femcode 1.jpeg */; };
		EB222E8721FCF92F005BFE13 /* Screenshot(1).PNG in Resources */ = {isa = PBXBuildFile; fileRef = EB222E8621FCF92E005BFE13 /* Screenshot(1).PNG */; };
		EB222E8E21FCF989005BFE13 /* Screenshot(5).PNG in Resources */ = {isa = PBXBuildFile; fileRef = EB222E8821FCF984005BFE13 /* Screenshot(5).PNG */; };
		EB222E8F21FCF989005BFE13 /* Screenshot(6).PNG in Resources */ = {isa = PBXBuildFile; fileRef = EB222E8921FCF985005BFE13 /* Screenshot(6).PNG */; };
		EB222E9021FCF989005BFE13 /* Screenshot(7).PNG in Resources */ = {isa = PBXBuildFile; fileRef = EB222E8A21FCF986005BFE13 /* Screenshot(7).PNG */; };
		EB222E9121FCF989005BFE13 /* Screenshot(4).PNG in Resources */ = {isa = PBXBuildFile; fileRef = EB222E8B21FCF987005BFE13 /* Screenshot(4).PNG */; };
		EB222E9221FCF989005BFE13 /* Screenshot(2).PNG in Resources */ = {isa = PBXBuildFile; fileRef = EB222E8C21FCF987005BFE13 /* Screenshot(2).PNG */; };
		EB222E9321FCF989005BFE13 /* Screenshot(3).PNG in Resources */ = {isa = PBXBuildFile; fileRef = EB222E8D21FCF988005BFE13 /* Screenshot(3).PNG */; };
		EB222E9521FCFCC6005BFE13 /* level 1.jpeg in Resources */ = {isa = PBXBuildFile; fileRef = EB222E9421FCFCC5005BFE13 /* level 1.jpeg */; };
		EB222E9721FCFEFE005BFE13 /* picture in Resources */ = {isa = PBXBuildFile; fileRef = EB222E9621FCFEFE005BFE13 /* picture */; };
		EB222E9D21FCFF5F005BFE13 /* Screenshot(9).PNG in Resources */ = {isa = PBXBuildFile; fileRef = EB222E9A21FCFF5E005BFE13 /* Screenshot(9).PNG */; };
		EB222E9F21FD00F0005BFE13 /* 076485d6e79d4baf8287990f90e0f6db.jpeg in Resources */ = {isa = PBXBuildFile; fileRef = EB222E9E21FD00EF005BFE13 /* 076485d6e79d4baf8287990f90e0f6db.jpeg */; };
		EB222EA121FD0589005BFE13 /* 95bc32cc24e14ebaa9b427e1d3b86474.jpeg in Resources */ = {isa = PBXBuildFile; fileRef = EB222EA021FD0587005BFE13 /* 95bc32cc24e14ebaa9b427e1d3b86474.jpeg */; };
/* End PBXBuildFile section */

/* Begin PBXFileReference section */
		9A854FF721FBFF6A00E358C8 /* Hackathon.app */ = {isa = PBXFileReference; explicitFileType = wrapper.application; includeInIndex = 0; path = Hackathon.app; sourceTree = BUILT_PRODUCTS_DIR; };
		9A854FFA21FBFF6A00E358C8 /* AppDelegate.swift */ = {isa = PBXFileReference; lastKnownFileType = sourcecode.swift; path = AppDelegate.swift; sourceTree = "<group>"; };
		9A854FFC21FBFF6A00E358C8 /* ViewController.swift */ = {isa = PBXFileReference; lastKnownFileType = sourcecode.swift; path = ViewController.swift; sourceTree = "<group>"; };
		9A854FFF21FBFF6A00E358C8 /* Base */ = {isa = PBXFileReference; lastKnownFileType = file.storyboard; name = Base; path = Base.lproj/Main.storyboard; sourceTree = "<group>"; };
		9A85500121FBFF6A00E358C8 /* Assets.xcassets */ = {isa = PBXFileReference; lastKnownFileType = folder.assetcatalog; path = Assets.xcassets; sourceTree = "<group>"; };
		9A85500421FBFF6A00E358C8 /* Base */ = {isa = PBXFileReference; lastKnownFileType = file.storyboard; name = Base; path = Base.lproj/LaunchScreen.storyboard; sourceTree = "<group>"; };
		9A85500621FBFF6A00E358C8 /* Info.plist */ = {isa = PBXFileReference; lastKnownFileType = text.plist.xml; path = Info.plist; sourceTree = "<group>"; };
		9A85500C21FC01C000E358C8 /* NameEnterViewController.swift */ = {isa = PBXFileReference; fileEncoding = 4; lastKnownFileType = sourcecode.swift; path = NameEnterViewController.swift; sourceTree = "<group>"; };
		9A85500E21FC8FEE00E358C8 /* WelcomeViewController.swift */ = {isa = PBXFileReference; fileEncoding = 4; lastKnownFileType = sourcecode.swift; path = WelcomeViewController.swift; sourceTree = "<group>"; };
		9A85501421FC98F400E358C8 /* LevelOneStartViewController.swift */ = {isa = PBXFileReference; fileEncoding = 4; lastKnownFileType = sourcecode.swift; name = LevelOneStartViewController.swift; path = ../LevelOneStartViewController.swift; sourceTree = "<group>"; };
		9A85501621FC9BD600E358C8 /* ClassListViewController.swift */ = {isa = PBXFileReference; fileEncoding = 4; lastKnownFileType = sourcecode.swift; name = ClassListViewController.swift; path = ../ClassListViewController.swift; sourceTree = "<group>"; };
		9A85501821FC9CB200E358C8 /* BlogStartViewController.swift */ = {isa = PBXFileReference; fileEncoding = 4; lastKnownFileType = sourcecode.swift; name = BlogStartViewController.swift; path = ../BlogStartViewController.swift; sourceTree = "<group>"; };
		9A85501A21FC9E6300E358C8 /* UrlInfoStartViewController.swift */ = {isa = PBXFileReference; fileEncoding = 4; lastKnownFileType = sourcecode.swift; name = UrlInfoStartViewController.swift; path = ../UrlInfoStartViewController.swift; sourceTree = "<group>"; };
		9A85501E21FCA24A00E358C8 /* UrlGetViewController.swift */ = {isa = PBXFileReference; fileEncoding = 4; lastKnownFileType = sourcecode.swift; name = UrlGetViewController.swift; path = ../UrlGetViewController.swift; sourceTree = "<group>"; };
		9A85502021FCA37B00E358C8 /* HtmlInfoViewController.swift */ = {isa = PBXFileReference; fileEncoding = 4; lastKnownFileType = sourcecode.swift; name = HtmlInfoViewController.swift; path = ../HtmlInfoViewController.swift; sourceTree = "<group>"; };
		9A85502221FCA48B00E358C8 /* QuizOneViewController.swift */ = {isa = PBXFileReference; fileEncoding = 4; lastKnownFileType = sourcecode.swift; name = QuizOneViewController.swift; path = ../QuizOneViewController.swift; sourceTree = "<group>"; };
		9A85502421FCA57D00E358C8 /* LevelTwoStartViewController.swift */ = {isa = PBXFileReference; fileEncoding = 4; lastKnownFileType = sourcecode.swift; name = LevelTwoStartViewController.swift; path = ../LevelTwoStartViewController.swift; sourceTree = "<group>"; };
		9A85502621FCA69400E358C8 /* PicVidViewController.swift */ = {isa = PBXFileReference; fileEncoding = 4; lastKnownFileType = sourcecode.swift; name = PicVidViewController.swift; path = ../PicVidViewController.swift; sourceTree = "<group>"; };
		9A85502821FCA8B100E358C8 /* PicVidSavingViewController.swift */ = {isa = PBXFileReference; fileEncoding = 4; lastKnownFileType = sourcecode.swift; name = PicVidSavingViewController.swift; path = ../PicVidSavingViewController.swift; sourceTree = "<group>"; };
		9A85502A21FCAA2700E358C8 /* PicVidAddingViewController.swift */ = {isa = PBXFileReference; fileEncoding = 4; lastKnownFileType = sourcecode.swift; path = PicVidAddingViewController.swift; sourceTree = "<group>"; };
		9A85502C21FCAB6C00E358C8 /* QuizTwoViewController.swift */ = {isa = PBXFileReference; fileEncoding = 4; lastKnownFileType = sourcecode.swift; path = QuizTwoViewController.swift; sourceTree = "<group>"; };
		9A85502E21FCAC2A00E358C8 /* LevelThreeStartViewController.swift */ = {isa = PBXFileReference; fileEncoding = 4; lastKnownFileType = sourcecode.swift; path = LevelThreeStartViewController.swift; sourceTree = "<group>"; };
		9A85503021FCADB000E358C8 /* SurveyInfoViewController.swift */ = {isa = PBXFileReference; fileEncoding = 4; lastKnownFileType = sourcecode.swift; path = SurveyInfoViewController.swift; sourceTree = "<group>"; };
		9A85503221FCAE8800E358C8 /* SurveyAddingViewController.swift */ = {isa = PBXFileReference; fileEncoding = 4; lastKnownFileType = sourcecode.swift; path = SurveyAddingViewController.swift; sourceTree = "<group>"; };
		9A85503421FCAF7600E358C8 /* QuizThreeViewController.swift */ = {isa = PBXFileReference; fileEncoding = 4; lastKnownFileType = sourcecode.swift; path = QuizThreeViewController.swift; sourceTree = "<group>"; };
		9A85503621FCB06900E358C8 /* LevelFourStartViewController.swift */ = {isa = PBXFileReference; fileEncoding = 4; lastKnownFileType = sourcecode.swift; path = LevelFourStartViewController.swift; sourceTree = "<group>"; };
		9A85503821FCB1ED00E358C8 /* CommentInfoViewController.swift */ = {isa = PBXFileReference; fileEncoding = 4; lastKnownFileType = sourcecode.swift; path = CommentInfoViewController.swift; sourceTree = "<group>"; };
		9A85503A21FCB38200E358C8 /* CommentAddViewController.swift */ = {isa = PBXFileReference; fileEncoding = 4; lastKnownFileType = sourcecode.swift; path = CommentAddViewController.swift; sourceTree = "<group>"; };
		9A85503C21FCB4A100E358C8 /* QuizFourViewController.swift */ = {isa = PBXFileReference; fileEncoding = 4; lastKnownFileType = sourcecode.swift; path = QuizFourViewController.swift; sourceTree = "<group>"; };
		9A85503E21FCB5E800E358C8 /* FinalQuizViewController.swift */ = {isa = PBXFileReference; fileEncoding = 4; lastKnownFileType = sourcecode.swift; path = FinalQuizViewController.swift; sourceTree = "<group>"; };
		9A85504021FCB6C200E358C8 /* FinalSkipWarningViewController.swift */ = {isa = PBXFileReference; fileEncoding = 4; lastKnownFileType = sourcecode.swift; path = FinalSkipWarningViewController.swift; sourceTree = "<group>"; };
		9A85504221FCBA5D00E358C8 /* BlogCongratsViewController.swift */ = {isa = PBXFileReference; fileEncoding = 4; lastKnownFileType = sourcecode.swift; path = BlogCongratsViewController.swift; sourceTree = "<group>"; };
		9A85504421FCC1D200E358C8 /* SUBToStartViewController.swift */ = {isa = PBXFileReference; fileEncoding = 4; lastKnownFileType = sourcecode.swift; path = SUBToStartViewController.swift; sourceTree = "<group>"; };
		9A85504621FCC52400E358C8 /* SUBLCASViewController.swift */ = {isa = PBXFileReference; fileEncoding = 4; lastKnownFileType = sourcecode.swift; path = SUBLCASViewController.swift; sourceTree = "<group>"; };
		9A85504821FCC5C300E358C8 /* SUBGYSAAViewController.swift */ = {isa = PBXFileReference; fileEncoding = 4; lastKnownFileType = sourcecode.swift; path = SUBGYSAAViewController.swift; sourceTree = "<group>"; };
		9A85504A21FCC8D100E358C8 /* SUBCongratsViewController.swift */ = {isa = PBXFileReference; fileEncoding = 4; lastKnownFileType = sourcecode.swift; path = SUBCongratsViewController.swift; sourceTree = "<group>"; };
		9AD518F021FCD5FC0093C7F4 /* TTSViewController.swift */ = {isa = PBXFileReference; fileEncoding = 4; lastKnownFileType = sourcecode.swift; path = TTSViewController.swift; sourceTree = "<group>"; };
		9AD518F221FCD6A80093C7F4 /* TBHTMLViewController.swift */ = {isa = PBXFileReference; fileEncoding = 4; lastKnownFileType = sourcecode.swift; path = TBHTMLViewController.swift; sourceTree = "<group>"; };
		9AD518F421FCD73E0093C7F4 /* THDTLViewController.swift */ = {isa = PBXFileReference; fileEncoding = 4; lastKnownFileType = sourcecode.swift; path = THDTLViewController.swift; sourceTree = "<group>"; };
		9AD518F621FCD83A0093C7F4 /* TMTViewController.swift */ = {isa = PBXFileReference; fileEncoding = 4; lastKnownFileType = sourcecode.swift; path = TMTViewController.swift; sourceTree = "<group>"; };
		9AD518F821FCD90C0093C7F4 /* TCViewController.swift */ = {isa = PBXFileReference; fileEncoding = 4; lastKnownFileType = sourcecode.swift; path = TCViewController.swift; sourceTree = "<group>"; };
		9AD518FA21FCDA430093C7F4 /* ACCCViewController.swift */ = {isa = PBXFileReference; fileEncoding = 4; lastKnownFileType = sourcecode.swift; path = ACCCViewController.swift; sourceTree = "<group>"; };
		9AD518FC21FCDAE80093C7F4 /* ACCViewController.swift */ = {isa = PBXFileReference; fileEncoding = 4; lastKnownFileType = sourcecode.swift; path = ACCViewController.swift; sourceTree = "<group>"; };
		9AD5190021FCDE280093C7F4 /* LoginViewController.swift */ = {isa = PBXFileReference; fileEncoding = 4; lastKnownFileType = sourcecode.swift; path = LoginViewController.swift; sourceTree = "<group>"; };
		EB222E7C21FCE870005BFE13 /* Screenshot (400).png */ = {isa = PBXFileReference; lastKnownFileType = image.png; path = "Screenshot (400).png"; sourceTree = "<group>"; };
		EB222E7E21FCEC2C005BFE13 /* Screen Shot 2019-01-26 at 2.23.23 PM.png */ = {isa = PBXFileReference; lastKnownFileType = image.png; path = "Screen Shot 2019-01-26 at 2.23.23 PM.png"; sourceTree = "<group>"; };
		EB222E8021FCF207005BFE13 /* Screen Shot 2019-01-26 at 2.49.11 PM.png */ = {isa = PBXFileReference; lastKnownFileType = image.png; path = "Screen Shot 2019-01-26 at 2.49.11 PM.png"; sourceTree = "<group>"; };
		EB222E8221FCF2B3005BFE13 /* Screen Shot 2019-01-26 at 2.55.02 PM.png */ = {isa = PBXFileReference; lastKnownFileType = image.png; path = "Screen Shot 2019-01-26 at 2.55.02 PM.png"; sourceTree = "<group>"; };
		EB222E8421FCF354005BFE13 /* femcode 1.jpeg */ = {isa = PBXFileReference; lastKnownFileType = image.jpeg; path = "femcode 1.jpeg"; sourceTree = "<group>"; };
		EB222E8621FCF92E005BFE13 /* Screenshot(1).PNG */ = {isa = PBXFileReference; lastKnownFileType = image.png; path = "Screenshot(1).PNG"; sourceTree = "<group>"; };
		EB222E8821FCF984005BFE13 /* Screenshot(5).PNG */ = {isa = PBXFileReference; lastKnownFileType = image.png; path = "Screenshot(5).PNG"; sourceTree = "<group>"; };
		EB222E8921FCF985005BFE13 /* Screenshot(6).PNG */ = {isa = PBXFileReference; lastKnownFileType = image.png; path = "Screenshot(6).PNG"; sourceTree = "<group>"; };
		EB222E8A21FCF986005BFE13 /* Screenshot(7).PNG */ = {isa = PBXFileReference; lastKnownFileType = image.png; path = "Screenshot(7).PNG"; sourceTree = "<group>"; };
		EB222E8B21FCF987005BFE13 /* Screenshot(4).PNG */ = {isa = PBXFileReference; lastKnownFileType = image.png; path = "Screenshot(4).PNG"; sourceTree = "<group>"; };
		EB222E8C21FCF987005BFE13 /* Screenshot(2).PNG */ = {isa = PBXFileReference; lastKnownFileType = image.png; path = "Screenshot(2).PNG"; sourceTree = "<group>"; };
		EB222E8D21FCF988005BFE13 /* Screenshot(3).PNG */ = {isa = PBXFileReference; lastKnownFileType = image.png; path = "Screenshot(3).PNG"; sourceTree = "<group>"; };
		EB222E9421FCFCC5005BFE13 /* level 1.jpeg */ = {isa = PBXFileReference; lastKnownFileType = image.jpeg; path = "level 1.jpeg"; sourceTree = "<group>"; };
		EB222E9621FCFEFE005BFE13 /* picture */ = {isa = PBXFileReference; lastKnownFileType = folder; path = picture; sourceTree = "<group>"; };
		EB222E9A21FCFF5E005BFE13 /* Screenshot(9).PNG */ = {isa = PBXFileReference; lastKnownFileType = image.png; path = "Screenshot(9).PNG"; sourceTree = "<group>"; };
		EB222E9E21FD00EF005BFE13 /* 076485d6e79d4baf8287990f90e0f6db.jpeg */ = {isa = PBXFileReference; lastKnownFileType = image.jpeg; path = 076485d6e79d4baf8287990f90e0f6db.jpeg; sourceTree = "<group>"; };
		EB222EA021FD0587005BFE13 /* 95bc32cc24e14ebaa9b427e1d3b86474.jpeg */ = {isa = PBXFileReference; lastKnownFileType = image.jpeg; path = 95bc32cc24e14ebaa9b427e1d3b86474.jpeg; sourceTree = "<group>"; };
/* End PBXFileReference section */

/* Begin PBXFrameworksBuildPhase section */
		9A854FF421FBFF6A00E358C8 /* Frameworks */ = {
			isa = PBXFrameworksBuildPhase;
			buildActionMask = 2147483647;
			files = (
			);
			runOnlyForDeploymentPostprocessing = 0;
		};
/* End PBXFrameworksBuildPhase section */

/* Begin PBXGroup section */
		9A854FEE21FBFF6A00E358C8 = {
			isa = PBXGroup;
			children = (
				9AD5190021FCDE280093C7F4 /* LoginViewController.swift */,
				9A85502A21FCAA2700E358C8 /* PicVidAddingViewController.swift */,
				9A85502C21FCAB6C00E358C8 /* QuizTwoViewController.swift */,
				9A85502E21FCAC2A00E358C8 /* LevelThreeStartViewController.swift */,
				9A85503021FCADB000E358C8 /* SurveyInfoViewController.swift */,
				9A85503221FCAE8800E358C8 /* SurveyAddingViewController.swift */,
				9A85503421FCAF7600E358C8 /* QuizThreeViewController.swift */,
				9A85503621FCB06900E358C8 /* LevelFourStartViewController.swift */,
				9A85503821FCB1ED00E358C8 /* CommentInfoViewController.swift */,
				9A85503A21FCB38200E358C8 /* CommentAddViewController.swift */,
				9A85503C21FCB4A100E358C8 /* QuizFourViewController.swift */,
				9A85503E21FCB5E800E358C8 /* FinalQuizViewController.swift */,
				9A85504021FCB6C200E358C8 /* FinalSkipWarningViewController.swift */,
				9A85504221FCBA5D00E358C8 /* BlogCongratsViewController.swift */,
				9A85504421FCC1D200E358C8 /* SUBToStartViewController.swift */,
				9A85504621FCC52400E358C8 /* SUBLCASViewController.swift */,
				9A85504821FCC5C300E358C8 /* SUBGYSAAViewController.swift */,
				9A85504A21FCC8D100E358C8 /* SUBCongratsViewController.swift */,
				9AD518F021FCD5FC0093C7F4 /* TTSViewController.swift */,
				9AD518F221FCD6A80093C7F4 /* TBHTMLViewController.swift */,
				9AD518F421FCD73E0093C7F4 /* THDTLViewController.swift */,
				9AD518F621FCD83A0093C7F4 /* TMTViewController.swift */,
				9AD518F821FCD90C0093C7F4 /* TCViewController.swift */,
				9AD518FA21FCDA430093C7F4 /* ACCCViewController.swift */,
				9AD518FC21FCDAE80093C7F4 /* ACCViewController.swift */,
				9A854FF921FBFF6A00E358C8 /* Hackathon */,
				9A854FF821FBFF6A00E358C8 /* Products */,
			);
			sourceTree = "<group>";
		};
		9A854FF821FBFF6A00E358C8 /* Products */ = {
			isa = PBXGroup;
			children = (
				9A854FF721FBFF6A00E358C8 /* Hackathon.app */,
			);
			name = Products;
			sourceTree = "<group>";
		};
		9A854FF921FBFF6A00E358C8 /* Hackathon */ = {
			isa = PBXGroup;
			children = (
				9A854FFA21FBFF6A00E358C8 /* AppDelegate.swift */,
				9A85501E21FCA24A00E358C8 /* UrlGetViewController.swift */,
				9A85502021FCA37B00E358C8 /* HtmlInfoViewController.swift */,
				9A85502221FCA48B00E358C8 /* QuizOneViewController.swift */,
				9A85502421FCA57D00E358C8 /* LevelTwoStartViewController.swift */,
				9A85502621FCA69400E358C8 /* PicVidViewController.swift */,
				9A85502821FCA8B100E358C8 /* PicVidSavingViewController.swift */,
				9A85501621FC9BD600E358C8 /* ClassListViewController.swift */,
				9A85501821FC9CB200E358C8 /* BlogStartViewController.swift */,
				9A85501A21FC9E6300E358C8 /* UrlInfoStartViewController.swift */,
				9A85501421FC98F400E358C8 /* LevelOneStartViewController.swift */,
				9A854FFC21FBFF6A00E358C8 /* ViewController.swift */,
				9A85500C21FC01C000E358C8 /* NameEnterViewController.swift */,
				9A85500E21FC8FEE00E358C8 /* WelcomeViewController.swift */,
				9A854FFE21FBFF6A00E358C8 /* Main.storyboard */,
				EB222EA021FD0587005BFE13 /* 95bc32cc24e14ebaa9b427e1d3b86474.jpeg */,
				EB222E9E21FD00EF005BFE13 /* 076485d6e79d4baf8287990f90e0f6db.jpeg */,
				EB222E9A21FCFF5E005BFE13 /* Screenshot(9).PNG */,
				EB222E9621FCFEFE005BFE13 /* picture */,
				EB222E9421FCFCC5005BFE13 /* level 1.jpeg */,
				EB222E8C21FCF987005BFE13 /* Screenshot(2).PNG */,
				EB222E8D21FCF988005BFE13 /* Screenshot(3).PNG */,
				EB222E8B21FCF987005BFE13 /* Screenshot(4).PNG */,
				EB222E8821FCF984005BFE13 /* Screenshot(5).PNG */,
				EB222E8921FCF985005BFE13 /* Screenshot(6).PNG */,
				EB222E8A21FCF986005BFE13 /* Screenshot(7).PNG */,
				EB222E8621FCF92E005BFE13 /* Screenshot(1).PNG */,
				EB222E8421FCF354005BFE13 /* femcode 1.jpeg */,
				EB222E8221FCF2B3005BFE13 /* Screen Shot 2019-01-26 at 2.55.02 PM.png */,
				EB222E8021FCF207005BFE13 /* Screen Shot 2019-01-26 at 2.49.11 PM.png */,
				EB222E7E21FCEC2C005BFE13 /* Screen Shot 2019-01-26 at 2.23.23 PM.png */,
				EB222E7C21FCE870005BFE13 /* Screenshot (400).png */,
				9A85500121FBFF6A00E358C8 /* Assets.xcassets */,
				9A85500321FBFF6A00E358C8 /* LaunchScreen.storyboard */,
				9A85500621FBFF6A00E358C8 /* Info.plist */,
			);
			path = Hackathon;
			sourceTree = "<group>";
		};
/* End PBXGroup section */

/* Begin PBXNativeTarget section */
		9A854FF621FBFF6A00E358C8 /* Hackathon */ = {
			isa = PBXNativeTarget;
			buildConfigurationList = 9A85500921FBFF6A00E358C8 /* Build configuration list for PBXNativeTarget "Hackathon" */;
			buildPhases = (
				9A854FF321FBFF6A00E358C8 /* Sources */,
				9A854FF421FBFF6A00E358C8 /* Frameworks */,
				9A854FF521FBFF6A00E358C8 /* Resources */,
			);
			buildRules = (
			);
			dependencies = (
			);
			name = Hackathon;
			productName = Hackathon;
			productReference = 9A854FF721FBFF6A00E358C8 /* Hackathon.app */;
			productType = "com.apple.product-type.application";
		};
/* End PBXNativeTarget section */

/* Begin PBXProject section */
		9A854FEF21FBFF6A00E358C8 /* Project object */ = {
			isa = PBXProject;
			attributes = {
				LastSwiftUpdateCheck = 0830;
				LastUpgradeCheck = 0830;
				ORGANIZATIONNAME = "Jessamyn Malia";
				TargetAttributes = {
					9A854FF621FBFF6A00E358C8 = {
						CreatedOnToolsVersion = 8.3.3;
						DevelopmentTeam = C4WGN7JA5G;
						ProvisioningStyle = Automatic;
					};
				};
			};
			buildConfigurationList = 9A854FF221FBFF6A00E358C8 /* Build configuration list for PBXProject "Hackathon" */;
			compatibilityVersion = "Xcode 3.2";
			developmentRegion = English;
			hasScannedForEncodings = 0;
			knownRegions = (
				en,
				Base,
			);
			mainGroup = 9A854FEE21FBFF6A00E358C8;
			productRefGroup = 9A854FF821FBFF6A00E358C8 /* Products */;
			projectDirPath = "";
			projectRoot = "";
			targets = (
				9A854FF621FBFF6A00E358C8 /* Hackathon */,
			);
		};
/* End PBXProject section */

/* Begin PBXResourcesBuildPhase section */
		9A854FF521FBFF6A00E358C8 /* Resources */ = {
			isa = PBXResourcesBuildPhase;
			buildActionMask = 2147483647;
			files = (
				EB222E9D21FCFF5F005BFE13 /* Screenshot(9).PNG in Resources */,
				EB222E9321FCF989005BFE13 /* Screenshot(3).PNG in Resources */,
				EB222E8E21FCF989005BFE13 /* Screenshot(5).PNG in Resources */,
				EB222E8721FCF92F005BFE13 /* Screenshot(1).PNG in Resources */,
				EB222E8121FCF208005BFE13 /* Screen Shot 2019-01-26 at 2.49.11 PM.png in Resources */,
				9A85500521FBFF6A00E358C8 /* LaunchScreen.storyboard in Resources */,
				EB222EA121FD0589005BFE13 /* 95bc32cc24e14ebaa9b427e1d3b86474.jpeg in Resources */,
				EB222E7D21FCE870005BFE13 /* Screenshot (400).png in Resources */,
				EB222E8521FCF354005BFE13 /* femcode 1.jpeg in Resources */,
				EB222E9F21FD00F0005BFE13 /* 076485d6e79d4baf8287990f90e0f6db.jpeg in Resources */,
				EB222E9021FCF989005BFE13 /* Screenshot(7).PNG in Resources */,
				9A85500221FBFF6A00E358C8 /* Assets.xcassets in Resources */,
				EB222E9721FCFEFE005BFE13 /* picture in Resources */,
				EB222E9521FCFCC6005BFE13 /* level 1.jpeg in Resources */,
				EB222E9121FCF989005BFE13 /* Screenshot(4).PNG in Resources */,
				EB222E9221FCF989005BFE13 /* Screenshot(2).PNG in Resources */,
				EB222E8321FCF2B4005BFE13 /* Screen Shot 2019-01-26 at 2.55.02 PM.png in Resources */,
				EB222E7F21FCEC2D005BFE13 /* Screen Shot 2019-01-26 at 2.23.23 PM.png in Resources */,
				9A85500021FBFF6A00E358C8 /* Main.storyboard in Resources */,
				EB222E8F21FCF989005BFE13 /* Screenshot(6).PNG in Resources */,
			);
			runOnlyForDeploymentPostprocessing = 0;
		};
/* End PBXResourcesBuildPhase section */

/* Begin PBXSourcesBuildPhase section */
		9A854FF321FBFF6A00E358C8 /* Sources */ = {
			isa = PBXSourcesBuildPhase;
			buildActionMask = 2147483647;
			files = (
				9AD518FD21FCDAE80093C7F4 /* ACCViewController.swift in Sources */,
				9A85503921FCB1ED00E358C8 /* CommentInfoViewController.swift in Sources */,
				9AD518F721FCD83A0093C7F4 /* TMTViewController.swift in Sources */,
				9A85503B21FCB38200E358C8 /* CommentAddViewController.swift in Sources */,
				9AD518F921FCD90C0093C7F4 /* TCViewController.swift in Sources */,
				9A854FFD21FBFF6A00E358C8 /* ViewController.swift in Sources */,
				9A85500F21FC8FEE00E358C8 /* WelcomeViewController.swift in Sources */,
				9A85501921FC9CB200E358C8 /* BlogStartViewController.swift in Sources */,
				9A85501521FC98F400E358C8 /* LevelOneStartViewController.swift in Sources */,
				9A85501721FC9BD600E358C8 /* ClassListViewController.swift in Sources */,
				9A85500D21FC01C000E358C8 /* NameEnterViewController.swift in Sources */,
				9A85503321FCAE8800E358C8 /* SurveyAddingViewController.swift in Sources */,
				9A85504321FCBA5D00E358C8 /* BlogCongratsViewController.swift in Sources */,
				9A85501F21FCA24A00E358C8 /* UrlGetViewController.swift in Sources */,
				9A85504521FCC1D200E358C8 /* SUBToStartViewController.swift in Sources */,
				9AD518F121FCD5FC0093C7F4 /* TTSViewController.swift in Sources */,
				9A85502721FCA69400E358C8 /* PicVidViewController.swift in Sources */,
				9A85503F21FCB5E800E358C8 /* FinalQuizViewController.swift in Sources */,
				9A85502F21FCAC2A00E358C8 /* LevelThreeStartViewController.swift in Sources */,
				9A85504921FCC5C300E358C8 /* SUBGYSAAViewController.swift in Sources */,
				9A85502D21FCAB6C00E358C8 /* QuizTwoViewController.swift in Sources */,
				9A85502B21FCAA2700E358C8 /* PicVidAddingViewController.swift in Sources */,
				9A85504B21FCC8D100E358C8 /* SUBCongratsViewController.swift in Sources */,
				9A85502121FCA37B00E358C8 /* HtmlInfoViewController.swift in Sources */,
				9AD5190121FCDE280093C7F4 /* LoginViewController.swift in Sources */,
				9AD518F521FCD73E0093C7F4 /* THDTLViewController.swift in Sources */,
				9AD518FB21FCDA430093C7F4 /* ACCCViewController.swift in Sources */,
				9A85503721FCB06900E358C8 /* LevelFourStartViewController.swift in Sources */,
				9A85501B21FC9E6300E358C8 /* UrlInfoStartViewController.swift in Sources */,
				9A85502921FCA8B100E358C8 /* PicVidSavingViewController.swift in Sources */,
				9A85504721FCC52400E358C8 /* SUBLCASViewController.swift in Sources */,
				9A85503121FCADB000E358C8 /* SurveyInfoViewController.swift in Sources */,
				9A85503D21FCB4A100E358C8 /* QuizFourViewController.swift in Sources */,
				9A85504121FCB6C200E358C8 /* FinalSkipWarningViewController.swift in Sources */,
				9AD518F321FCD6A80093C7F4 /* TBHTMLViewController.swift in Sources */,
				9A85503521FCAF7600E358C8 /* QuizThreeViewController.swift in Sources */,
				9A85502521FCA57D00E358C8 /* LevelTwoStartViewController.swift in Sources */,
				9A85502321FCA48B00E358C8 /* QuizOneViewController.swift in Sources */,
				9A854FFB21FBFF6A00E358C8 /* AppDelegate.swift in Sources */,
			);
			runOnlyForDeploymentPostprocessing = 0;
		};
/* End PBXSourcesBuildPhase section */

/* Begin PBXVariantGroup section */
		9A854FFE21FBFF6A00E358C8 /* Main.storyboard */ = {
			isa = PBXVariantGroup;
			children = (
				9A854FFF21FBFF6A00E358C8 /* Base */,
			);
			name = Main.storyboard;
			sourceTree = "<group>";
		};
		9A85500321FBFF6A00E358C8 /* LaunchScreen.storyboard */ = {
			isa = PBXVariantGroup;
			children = (
				9A85500421FBFF6A00E358C8 /* Base */,
			);
			name = LaunchScreen.storyboard;
			sourceTree = "<group>";
		};
/* End PBXVariantGroup section */

/* Begin XCBuildConfiguration section */
		9A85500721FBFF6A00E358C8 /* Debug */ = {
			isa = XCBuildConfiguration;
			buildSettings = {
				ALWAYS_SEARCH_USER_PATHS = NO;
				CLANG_ANALYZER_NONNULL = YES;
				CLANG_ANALYZER_NUMBER_OBJECT_CONVERSION = YES_AGGRESSIVE;
				CLANG_CXX_LANGUAGE_STANDARD = "gnu++0x";
				CLANG_CXX_LIBRARY = "libc++";
				CLANG_ENABLE_MODULES = YES;
				CLANG_ENABLE_OBJC_ARC = YES;
				CLANG_WARN_BOOL_CONVERSION = YES;
				CLANG_WARN_CONSTANT_CONVERSION = YES;
				CLANG_WARN_DIRECT_OBJC_ISA_USAGE = YES_ERROR;
				CLANG_WARN_DOCUMENTATION_COMMENTS = YES;
				CLANG_WARN_EMPTY_BODY = YES;
				CLANG_WARN_ENUM_CONVERSION = YES;
				CLANG_WARN_INFINITE_RECURSION = YES;
				CLANG_WARN_INT_CONVERSION = YES;
				CLANG_WARN_OBJC_ROOT_CLASS = YES_ERROR;
				CLANG_WARN_SUSPICIOUS_MOVE = YES;
				CLANG_WARN_UNREACHABLE_CODE = YES;
				CLANG_WARN__DUPLICATE_METHOD_MATCH = YES;
				"CODE_SIGN_IDENTITY[sdk=iphoneos*]" = "iPhone Developer";
				COPY_PHASE_STRIP = NO;
				DEBUG_INFORMATION_FORMAT = dwarf;
				ENABLE_STRICT_OBJC_MSGSEND = YES;
				ENABLE_TESTABILITY = YES;
				GCC_C_LANGUAGE_STANDARD = gnu99;
				GCC_DYNAMIC_NO_PIC = NO;
				GCC_NO_COMMON_BLOCKS = YES;
				GCC_OPTIMIZATION_LEVEL = 0;
				GCC_PREPROCESSOR_DEFINITIONS = (
					"DEBUG=1",
					"$(inherited)",
				);
				GCC_WARN_64_TO_32_BIT_CONVERSION = YES;
				GCC_WARN_ABOUT_RETURN_TYPE = YES_ERROR;
				GCC_WARN_UNDECLARED_SELECTOR = YES;
				GCC_WARN_UNINITIALIZED_AUTOS = YES_AGGRESSIVE;
				GCC_WARN_UNUSED_FUNCTION = YES;
				GCC_WARN_UNUSED_VARIABLE = YES;
				IPHONEOS_DEPLOYMENT_TARGET = 10.3;
				MTL_ENABLE_DEBUG_INFO = YES;
				ONLY_ACTIVE_ARCH = YES;
				SDKROOT = iphoneos;
				SWIFT_ACTIVE_COMPILATION_CONDITIONS = DEBUG;
				SWIFT_OPTIMIZATION_LEVEL = "-Onone";
				TARGETED_DEVICE_FAMILY = "1,2";
			};
			name = Debug;
		};
		9A85500821FBFF6A00E358C8 /* Release */ = {
			isa = XCBuildConfiguration;
			buildSettings = {
				ALWAYS_SEARCH_USER_PATHS = NO;
				CLANG_ANALYZER_NONNULL = YES;
				CLANG_ANALYZER_NUMBER_OBJECT_CONVERSION = YES_AGGRESSIVE;
				CLANG_CXX_LANGUAGE_STANDARD = "gnu++0x";
				CLANG_CXX_LIBRARY = "libc++";
				CLANG_ENABLE_MODULES = YES;
				CLANG_ENABLE_OBJC_ARC = YES;
				CLANG_WARN_BOOL_CONVERSION = YES;
				CLANG_WARN_CONSTANT_CONVERSION = YES;
				CLANG_WARN_DIRECT_OBJC_ISA_USAGE = YES_ERROR;
				CLANG_WARN_DOCUMENTATION_COMMENTS = YES;
				CLANG_WARN_EMPTY_BODY = YES;
				CLANG_WARN_ENUM_CONVERSION = YES;
				CLANG_WARN_INFINITE_RECURSION = YES;
				CLANG_WARN_INT_CONVERSION = YES;
				CLANG_WARN_OBJC_ROOT_CLASS = YES_ERROR;
				CLANG_WARN_SUSPICIOUS_MOVE = YES;
				CLANG_WARN_UNREACHABLE_CODE = YES;
				CLANG_WARN__DUPLICATE_METHOD_MATCH = YES;
				"CODE_SIGN_IDENTITY[sdk=iphoneos*]" = "iPhone Developer";
				COPY_PHASE_STRIP = NO;
				DEBUG_INFORMATION_FORMAT = "dwarf-with-dsym";
				ENABLE_NS_ASSERTIONS = NO;
				ENABLE_STRICT_OBJC_MSGSEND = YES;
				GCC_C_LANGUAGE_STANDARD = gnu99;
				GCC_NO_COMMON_BLOCKS = YES;
				GCC_WARN_64_TO_32_BIT_CONVERSION = YES;
				GCC_WARN_ABOUT_RETURN_TYPE = YES_ERROR;
				GCC_WARN_UNDECLARED_SELECTOR = YES;
				GCC_WARN_UNINITIALIZED_AUTOS = YES_AGGRESSIVE;
				GCC_WARN_UNUSED_FUNCTION = YES;
				GCC_WARN_UNUSED_VARIABLE = YES;
				IPHONEOS_DEPLOYMENT_TARGET = 10.3;
				MTL_ENABLE_DEBUG_INFO = NO;
				SDKROOT = iphoneos;
				SWIFT_OPTIMIZATION_LEVEL = "-Owholemodule";
				TARGETED_DEVICE_FAMILY = "1,2";
				VALIDATE_PRODUCT = YES;
			};
			name = Release;
		};
		9A85500A21FBFF6A00E358C8 /* Debug */ = {
			isa = XCBuildConfiguration;
			buildSettings = {
				ASSETCATALOG_COMPILER_APPICON_NAME = AppIcon;
				DEVELOPMENT_TEAM = C4WGN7JA5G;
				INFOPLIST_FILE = Hackathon/Info.plist;
				LD_RUNPATH_SEARCH_PATHS = "$(inherited) @executable_path/Frameworks";
				PRODUCT_BUNDLE_IDENTIFIER = com.celticroseproductions.Hackathon;
				PRODUCT_NAME = "$(TARGET_NAME)";
				SWIFT_VERSION = 3.0;
			};
			name = Debug;
		};
		9A85500B21FBFF6A00E358C8 /* Release */ = {
			isa = XCBuildConfiguration;
			buildSettings = {
				ASSETCATALOG_COMPILER_APPICON_NAME = AppIcon;
				DEVELOPMENT_TEAM = C4WGN7JA5G;
				INFOPLIST_FILE = Hackathon/Info.plist;
				LD_RUNPATH_SEARCH_PATHS = "$(inherited) @executable_path/Frameworks";
				PRODUCT_BUNDLE_IDENTIFIER = com.celticroseproductions.Hackathon;
				PRODUCT_NAME = "$(TARGET_NAME)";
				SWIFT_VERSION = 3.0;
			};
			name = Release;
		};
/* End XCBuildConfiguration section */

/* Begin XCConfigurationList section */
		9A854FF221FBFF6A00E358C8 /* Build configuration list for PBXProject "Hackathon" */ = {
			isa = XCConfigurationList;
			buildConfigurations = (
				9A85500721FBFF6A00E358C8 /* Debug */,
				9A85500821FBFF6A00E358C8 /* Release */,
			);
			defaultConfigurationIsVisible = 0;
			defaultConfigurationName = Release;
		};
		9A85500921FBFF6A00E358C8 /* Build configuration list for PBXNativeTarget "Hackathon" */ = {
			isa = XCConfigurationList;
			buildConfigurations = (
				9A85500A21FBFF6A00E358C8 /* Debug */,
				9A85500B21FBFF6A00E358C8 /* Release */,
			);
			defaultConfigurationIsVisible = 0;
			defaultConfigurationName = Release;
		};
/* End XCConfigurationList section */
	};
	rootObject = 9A854FEF21FBFF6A00E358C8 /* Project object */;
}
